version = 1
requires-python = ">=3.12"

[[package]]
name = "attrs"
version = "24.2.0"
source = { registry = "https://pypi.org/simple" }
sdist = { url = "https://files.pythonhosted.org/packages/fc/0f/aafca9af9315aee06a89ffde799a10a582fe8de76c563ee80bbcdc08b3fb/attrs-24.2.0.tar.gz", hash = "sha256:5cfb1b9148b5b086569baec03f20d7b6bf3bcacc9a42bebf87ffaaca362f6346", size = 792678 }
wheels = [
    { url = "https://files.pythonhosted.org/packages/6a/21/5b6702a7f963e95456c0de2d495f67bf5fd62840ac655dc451586d23d39a/attrs-24.2.0-py3-none-any.whl", hash = "sha256:81921eb96de3191c8258c199618104dd27ac608d9366f5e35d011eae1867ede2", size = 63001 },
]

[[package]]
name = "aura"
version = "0.1.0"
source = { virtual = "." }
dependencies = [
    { name = "environs" },
    { name = "plotly" },
    { name = "polars" },
    { name = "selenium" },
]

[package.dev-dependencies]
dev = [
    { name = "ruff" },
]

[package.metadata]
requires-dist = [
    { name = "environs", specifier = ">=11.2.1" },
    { name = "plotly", specifier = ">=5.24.1" },
    { name = "polars", specifier = ">=1.12.0" },
    { name = "selenium", specifier = ">=4.26.1" },
]

[package.metadata.requires-dev]
dev = [{ name = "ruff", specifier = ">=0.8.2" }]

[[package]]
name = "certifi"
version = "2024.8.30"
source = { registry = "https://pypi.org/simple" }
sdist = { url = "https://files.pythonhosted.org/packages/b0/ee/9b19140fe824b367c04c5e1b369942dd754c4c5462d5674002f75c4dedc1/certifi-2024.8.30.tar.gz", hash = "sha256:bec941d2aa8195e248a60b31ff9f0558284cf01a52591ceda73ea9afffd69fd9", size = 168507 }
wheels = [
    { url = "https://files.pythonhosted.org/packages/12/90/3c9ff0512038035f59d279fddeb79f5f1eccd8859f06d6163c58798b9487/certifi-2024.8.30-py3-none-any.whl", hash = "sha256:922820b53db7a7257ffbda3f597266d435245903d80737e34f8a45ff3e3230d8", size = 167321 },
]

[[package]]
name = "cffi"
version = "1.17.1"
source = { registry = "https://pypi.org/simple" }
dependencies = [
    { name = "pycparser" },
]
sdist = { url = "https://files.pythonhosted.org/packages/fc/97/c783634659c2920c3fc70419e3af40972dbaf758daa229a7d6ea6135c90d/cffi-1.17.1.tar.gz", hash = "sha256:1c39c6016c32bc48dd54561950ebd6836e1670f2ae46128f67cf49e789c52824", size = 516621 }
wheels = [
    { url = "https://files.pythonhosted.org/packages/86/c5/28b2d6f799ec0bdecf44dced2ec5ed43e0eb63097b0f58c293583b406582/cffi-1.17.1-cp312-cp312-win32.whl", hash = "sha256:a08d7e755f8ed21095a310a693525137cfe756ce62d066e53f502a83dc550f65", size = 172448 },
    { url = "https://files.pythonhosted.org/packages/50/b9/db34c4755a7bd1cb2d1603ac3863f22bcecbd1ba29e5ee841a4bc510b294/cffi-1.17.1-cp312-cp312-win_amd64.whl", hash = "sha256:51392eae71afec0d0c8fb1a53b204dbb3bcabcb3c9b807eedf3e1e6ccf2de903", size = 181976 },
    { url = "https://files.pythonhosted.org/packages/bf/ee/f94057fa6426481d663b88637a9a10e859e492c73d0384514a17d78ee205/cffi-1.17.1-cp313-cp313-win32.whl", hash = "sha256:e03eab0a8677fa80d646b5ddece1cbeaf556c313dcfac435ba11f107ba117b5d", size = 172475 },
    { url = "https://files.pythonhosted.org/packages/7c/fc/6a8cb64e5f0324877d503c854da15d76c1e50eb722e320b15345c4d0c6de/cffi-1.17.1-cp313-cp313-win_amd64.whl", hash = "sha256:f6a16c31041f09ead72d69f583767292f750d24913dadacf5756b966aacb3f1a", size = 182009 },
]

[[package]]
name = "environs"
version = "11.2.1"
source = { registry = "https://pypi.org/simple" }
dependencies = [
    { name = "marshmallow" },
    { name = "python-dotenv" },
]
sdist = { url = "https://files.pythonhosted.org/packages/77/08/2b7d9cacf2b27482c9218ee6762336aa47bdb9d07ee26a136d072a328297/environs-11.2.1.tar.gz", hash = "sha256:e068ae3174cef52ba4b95ead22e639056a02465f616e62323e04ae08e86a75a4", size = 27485 }
wheels = [
    { url = "https://files.pythonhosted.org/packages/1a/21/1e0d8de234e9d0c675ea8fd50f9e7ad66fae32c207bc982f1d14f7c0835b/environs-11.2.1-py3-none-any.whl", hash = "sha256:9d2080cf25807a26fc0d4301e2d7b62c64fbf547540f21e3a30cc02bc5fbe948", size = 12923 },
]

[[package]]
name = "h11"
version = "0.14.0"
source = { registry = "https://pypi.org/simple" }
sdist = { url = "https://files.pythonhosted.org/packages/f5/38/3af3d3633a34a3316095b39c8e8fb4853a28a536e55d347bd8d8e9a14b03/h11-0.14.0.tar.gz", hash = "sha256:8f19fbbe99e72420ff35c00b27a34cb9937e902a8b810e2c88300c6f0a3b699d", size = 100418 }
wheels = [
    { url = "https://files.pythonhosted.org/packages/95/04/ff642e65ad6b90db43e668d70ffb6736436c7ce41fcc549f4e9472234127/h11-0.14.0-py3-none-any.whl", hash = "sha256:e3fe4ac4b851c468cc8363d500db52c2ead036020723024a109d37346efaa761", size = 58259 },
]

[[package]]
name = "idna"
version = "3.10"
source = { registry = "https://pypi.org/simple" }
sdist = { url = "https://files.pythonhosted.org/packages/f1/70/7703c29685631f5a7590aa73f1f1d3fa9a380e654b86af429e0934a32f7d/idna-3.10.tar.gz", hash = "sha256:12f65c9b470abda6dc35cf8e63cc574b1c52b11df2c86030af0ac09b01b13ea9", size = 190490 }
wheels = [
    { url = "https://files.pythonhosted.org/packages/76/c6/c88e154df9c4e1a2a66ccf0005a88dfb2650c1dffb6f5ce603dfbd452ce3/idna-3.10-py3-none-any.whl", hash = "sha256:946d195a0d259cbba61165e88e65941f16e9b36ea6ddb97f00452bae8b1287d3", size = 70442 },
]

[[package]]
name = "marshmallow"
version = "3.23.1"
source = { registry = "https://pypi.org/simple" }
dependencies = [
    { name = "packaging" },
]
sdist = { url = "https://files.pythonhosted.org/packages/6d/30/14d8609f65c8aeddddd3181c06d2c9582da6278f063b27c910bbf9903441/marshmallow-3.23.1.tar.gz", hash = "sha256:3a8dfda6edd8dcdbf216c0ede1d1e78d230a6dc9c5a088f58c4083b974a0d468", size = 177488 }
wheels = [
    { url = "https://files.pythonhosted.org/packages/ac/a7/a78ff54e67ef92a3d12126b98eb98ab8abab3de4a8c46d240c87e514d6bb/marshmallow-3.23.1-py3-none-any.whl", hash = "sha256:fece2eb2c941180ea1b7fcbd4a83c51bfdd50093fdd3ad2585ee5e1df2508491", size = 49488 },
]

[[package]]
name = "outcome"
version = "1.3.0.post0"
source = { registry = "https://pypi.org/simple" }
dependencies = [
    { name = "attrs" },
]
sdist = { url = "https://files.pythonhosted.org/packages/98/df/77698abfac98571e65ffeb0c1fba8ffd692ab8458d617a0eed7d9a8d38f2/outcome-1.3.0.post0.tar.gz", hash = "sha256:9dcf02e65f2971b80047b377468e72a268e15c0af3cf1238e6ff14f7f91143b8", size = 21060 }
wheels = [
    { url = "https://files.pythonhosted.org/packages/55/8b/5ab7257531a5d830fc8000c476e63c935488d74609b50f9384a643ec0a62/outcome-1.3.0.post0-py2.py3-none-any.whl", hash = "sha256:e771c5ce06d1415e356078d3bdd68523f284b4ce5419828922b6871e65eda82b", size = 10692 },
]

[[package]]
name = "packaging"
version = "24.1"
source = { registry = "https://pypi.org/simple" }
sdist = { url = "https://files.pythonhosted.org/packages/51/65/50db4dda066951078f0a96cf12f4b9ada6e4b811516bf0262c0f4f7064d4/packaging-24.1.tar.gz", hash = "sha256:026ed72c8ed3fcce5bf8950572258698927fd1dbda10a5e981cdf0ac37f4f002", size = 148788 }
wheels = [
    { url = "https://files.pythonhosted.org/packages/08/aa/cc0199a5f0ad350994d660967a8efb233fe0416e4639146c089643407ce6/packaging-24.1-py3-none-any.whl", hash = "sha256:5b8f2217dbdbd2f7f384c41c628544e6d52f2d0f53c6d0c3ea61aa5d1d7ff124", size = 53985 },
]

[[package]]
name = "plotly"
version = "5.24.1"
source = { registry = "https://pypi.org/simple" }
dependencies = [
    { name = "packaging" },
    { name = "tenacity" },
]
sdist = { url = "https://files.pythonhosted.org/packages/79/4f/428f6d959818d7425a94c190a6b26fbc58035cbef40bf249be0b62a9aedd/plotly-5.24.1.tar.gz", hash = "sha256:dbc8ac8339d248a4bcc36e08a5659bacfe1b079390b8953533f4eb22169b4bae", size = 9479398 }
wheels = [
    { url = "https://files.pythonhosted.org/packages/e5/ae/580600f441f6fc05218bd6c9d5794f4aef072a7d9093b291f1c50a9db8bc/plotly-5.24.1-py3-none-any.whl", hash = "sha256:f67073a1e637eb0dc3e46324d9d51e2fe76e9727c892dde64ddf1e1b51f29089", size = 19054220 },
]

[[package]]
name = "polars"
version = "1.12.0"
source = { registry = "https://pypi.org/simple" }
sdist = { url = "https://files.pythonhosted.org/packages/5f/df/55127a3099e990b45ce3a29ab6789a083451e76e7109fb754aad5525360b/polars-1.12.0.tar.gz", hash = "sha256:fb5c92de1a8f7d0a3f923fe48ea89eb518bdf55315ae917012350fa072bd64f4", size = 4090738 }
wheels = [
    { url = "https://files.pythonhosted.org/packages/6e/ae/77c7ec395d9361ae2086693af1947c9a2b21346ba3faf092bb154b735227/polars-1.12.0-cp39-abi3-macosx_10_12_x86_64.whl", hash = "sha256:8f3c4e4e423c373dda07b4c8a7ff12aa02094b524767d0ca306b1eba67f2d99e", size = 32923786 },
    { url = "https://files.pythonhosted.org/packages/97/1c/60736d5588309eb528c52538e116593cb275310bab82ba28702cd87a76d1/polars-1.12.0-cp39-abi3-macosx_11_0_arm64.whl", hash = "sha256:aa6f9862f0cec6353243920d9b8d858c21ec8f25f91af203dea6ff91980e140d", size = 28887255 },
    { url = "https://files.pythonhosted.org/packages/5a/3e/31257118e7e087fa27c230b8fadf8ff15d521140bf58558dc889ee0c9c5e/polars-1.12.0-cp39-abi3-manylinux_2_17_x86_64.manylinux2014_x86_64.whl", hash = "sha256:afb03647b5160737d2119532ee8ffe825de1d19d87f81bbbb005131786f7d59b", size = 34126501 },
    { url = "https://files.pythonhosted.org/packages/ad/e6/d03053e6064d262f2ec41172a5092b08fc20d10c059dda6c9460371cfd7e/polars-1.12.0-cp39-abi3-manylinux_2_24_aarch64.whl", hash = "sha256:ea96aba5eb3dab8f0e6abf05ab3fc2136b329261860ef8661d20f5456a2d78e0", size = 30479546 },
    { url = "https://files.pythonhosted.org/packages/d5/28/3d44ddf56a5c95272b202ce8aa0e9b818a1310e83525c4c29176b538ae7c/polars-1.12.0-cp39-abi3-win_amd64.whl", hash = "sha256:a228a4b320a36d03a9ec9dfe7241b6d80a2f119b2dceb1da953166655e4cf43c", size = 33790337 },
]

[[package]]
name = "pycparser"
version = "2.22"
source = { registry = "https://pypi.org/simple" }
sdist = { url = "https://files.pythonhosted.org/packages/1d/b2/31537cf4b1ca988837256c910a668b553fceb8f069bedc4b1c826024b52c/pycparser-2.22.tar.gz", hash = "sha256:491c8be9c040f5390f5bf44a5b07752bd07f56edf992381b05c701439eec10f6", size = 172736 }
wheels = [
    { url = "https://files.pythonhosted.org/packages/13/a3/a812df4e2dd5696d1f351d58b8fe16a405b234ad2886a0dab9183fb78109/pycparser-2.22-py3-none-any.whl", hash = "sha256:c3702b6d3dd8c7abc1afa565d7e63d53a1d0bd86cdc24edd75470f4de499cfcc", size = 117552 },
]

[[package]]
name = "pysocks"
version = "1.7.1"
source = { registry = "https://pypi.org/simple" }
sdist = { url = "https://files.pythonhosted.org/packages/bd/11/293dd436aea955d45fc4e8a35b6ae7270f5b8e00b53cf6c024c83b657a11/PySocks-1.7.1.tar.gz", hash = "sha256:3f8804571ebe159c380ac6de37643bb4685970655d3bba243530d6558b799aa0", size = 284429 }
wheels = [
    { url = "https://files.pythonhosted.org/packages/8d/59/b4572118e098ac8e46e399a1dd0f2d85403ce8bbaad9ec79373ed6badaf9/PySocks-1.7.1-py3-none-any.whl", hash = "sha256:2725bd0a9925919b9b51739eea5f9e2bae91e83288108a9ad338b2e3a4435ee5", size = 16725 },
]

[[package]]
name = "python-dotenv"
version = "1.0.1"
source = { registry = "https://pypi.org/simple" }
sdist = { url = "https://files.pythonhosted.org/packages/bc/57/e84d88dfe0aec03b7a2d4327012c1627ab5f03652216c63d49846d7a6c58/python-dotenv-1.0.1.tar.gz", hash = "sha256:e324ee90a023d808f1959c46bcbc04446a10ced277783dc6ee09987c37ec10ca", size = 39115 }
wheels = [
    { url = "https://files.pythonhosted.org/packages/6a/3e/b68c118422ec867fa7ab88444e1274aa40681c606d59ac27de5a5588f082/python_dotenv-1.0.1-py3-none-any.whl", hash = "sha256:f7b63ef50f1b690dddf550d03497b66d609393b40b564ed0d674909a68ebf16a", size = 19863 },
]

[[package]]
name = "ruff"
version = "0.8.2"
source = { registry = "https://pypi.org/simple" }
sdist = { url = "https://files.pythonhosted.org/packages/5e/2b/01245f4f3a727d60bebeacd7ee6d22586c7f62380a2597ddb22c2f45d018/ruff-0.8.2.tar.gz", hash = "sha256:b84f4f414dda8ac7f75075c1fa0b905ac0ff25361f42e6d5da681a465e0f78e5", size = 3349020 }
wheels = [
    { url = "https://files.pythonhosted.org/packages/91/29/366be70216dba1731a00a41f2f030822b0c96c7c4f3b2c0cdce15cbace74/ruff-0.8.2-py3-none-linux_armv6l.whl", hash = "sha256:c49ab4da37e7c457105aadfd2725e24305ff9bc908487a9bf8d548c6dad8bb3d", size = 10530649 },
    { url = "https://files.pythonhosted.org/packages/63/82/a733956540bb388f00df5a3e6a02467b16c0e529132625fe44ce4c5fb9c7/ruff-0.8.2-py3-none-macosx_10_12_x86_64.whl", hash = "sha256:ec016beb69ac16be416c435828be702ee694c0d722505f9c1f35e1b9c0cc1bf5", size = 10274069 },
    { url = "https://files.pythonhosted.org/packages/3d/12/0b3aa14d1d71546c988a28e1b412981c1b80c8a1072e977a2f30c595cc4a/ruff-0.8.2-py3-none-macosx_11_0_arm64.whl", hash = "sha256:f05cdf8d050b30e2ba55c9b09330b51f9f97d36d4673213679b965d25a785f3c", size = 9909400 },
    { url = "https://files.pythonhosted.org/packages/23/08/f9f08cefb7921784c891c4151cce6ed357ff49e84b84978440cffbc87408/ruff-0.8.2-py3-none-manylinux_2_17_aarch64.manylinux2014_aarch64.whl", hash = "sha256:60f578c11feb1d3d257b2fb043ddb47501ab4816e7e221fbb0077f0d5d4e7b6f", size = 10766782 },
    { url = "https://files.pythonhosted.org/packages/e4/71/bf50c321ec179aa420c8ec40adac5ae9cc408d4d37283a485b19a2331ceb/ruff-0.8.2-py3-none-manylinux_2_17_armv7l.manylinux2014_armv7l.whl", hash = "sha256:cbd5cf9b0ae8f30eebc7b360171bd50f59ab29d39f06a670b3e4501a36ba5897", size = 10286316 },
    { url = "https://files.pythonhosted.org/packages/f2/83/c82688a2a6117539aea0ce63fdf6c08e60fe0202779361223bcd7f40bd74/ruff-0.8.2-py3-none-manylinux_2_17_i686.manylinux2014_i686.whl", hash = "sha256:b402ddee3d777683de60ff76da801fa7e5e8a71038f57ee53e903afbcefdaa58", size = 11338270 },
    { url = "https://files.pythonhosted.org/packages/7f/d7/bc6a45e5a22e627640388e703160afb1d77c572b1d0fda8b4349f334fc66/ruff-0.8.2-py3-none-manylinux_2_17_ppc64.manylinux2014_ppc64.whl", hash = "sha256:705832cd7d85605cb7858d8a13d75993c8f3ef1397b0831289109e953d833d29", size = 12058579 },
    { url = "https://files.pythonhosted.org/packages/da/3b/64150c93946ec851e6f1707ff586bb460ca671581380c919698d6a9267dc/ruff-0.8.2-py3-none-manylinux_2_17_ppc64le.manylinux2014_ppc64le.whl", hash = "sha256:32096b41aaf7a5cc095fa45b4167b890e4c8d3fd217603f3634c92a541de7248", size = 11615172 },
    { url = "https://files.pythonhosted.org/packages/e4/9e/cf12b697ea83cfe92ec4509ae414dc4c9b38179cc681a497031f0d0d9a8e/ruff-0.8.2-py3-none-manylinux_2_17_s390x.manylinux2014_s390x.whl", hash = "sha256:e769083da9439508833cfc7c23e351e1809e67f47c50248250ce1ac52c21fb93", size = 12882398 },
    { url = "https://files.pythonhosted.org/packages/a9/27/96d10863accf76a9c97baceac30b0a52d917eb985a8ac058bd4636aeede0/ruff-0.8.2-py3-none-manylinux_2_17_x86_64.manylinux2014_x86_64.whl", hash = "sha256:5fe716592ae8a376c2673fdfc1f5c0c193a6d0411f90a496863c99cd9e2ae25d", size = 11176094 },
    { url = "https://files.pythonhosted.org/packages/eb/10/cd2fd77d4a4e7f03c29351be0f53278a393186b540b99df68beb5304fddd/ruff-0.8.2-py3-none-musllinux_1_2_aarch64.whl", hash = "sha256:81c148825277e737493242b44c5388a300584d73d5774defa9245aaef55448b0", size = 10771884 },
    { url = "https://files.pythonhosted.org/packages/71/5d/beabb2ff18870fc4add05fa3a69a4cb1b1d2d6f83f3cf3ae5ab0d52f455d/ruff-0.8.2-py3-none-musllinux_1_2_armv7l.whl", hash = "sha256:d261d7850c8367704874847d95febc698a950bf061c9475d4a8b7689adc4f7fa", size = 10382535 },
    { url = "https://files.pythonhosted.org/packages/ae/29/6b3fdf3ad3e35b28d87c25a9ff4c8222ad72485ab783936b2b267250d7a7/ruff-0.8.2-py3-none-musllinux_1_2_i686.whl", hash = "sha256:1ca4e3a87496dc07d2427b7dd7ffa88a1e597c28dad65ae6433ecb9f2e4f022f", size = 10886995 },
    { url = "https://files.pythonhosted.org/packages/e9/dc/859d889b4d9356a1a2cdbc1e4a0dda94052bc5b5300098647e51a58c430b/ruff-0.8.2-py3-none-musllinux_1_2_x86_64.whl", hash = "sha256:729850feed82ef2440aa27946ab39c18cb4a8889c1128a6d589ffa028ddcfc22", size = 11220750 },
    { url = "https://files.pythonhosted.org/packages/0b/08/e8f519f61f1d624264bfd6b8829e4c5f31c3c61193bc3cff1f19dbe7626a/ruff-0.8.2-py3-none-win32.whl", hash = "sha256:ac42caaa0411d6a7d9594363294416e0e48fc1279e1b0e948391695db2b3d5b1", size = 8729396 },
    { url = "https://files.pythonhosted.org/packages/f8/d4/ba1c7ab72aba37a2b71fe48ab95b80546dbad7a7f35ea28cf66fc5cea5f6/ruff-0.8.2-py3-none-win_amd64.whl", hash = "sha256:2aae99ec70abf43372612a838d97bfe77d45146254568d94926e8ed5bbb409ea", size = 9594729 },
    { url = "https://files.pythonhosted.org/packages/23/34/db20e12d3db11b8a2a8874258f0f6d96a9a4d631659d54575840557164c8/ruff-0.8.2-py3-none-win_arm64.whl", hash = "sha256:fb88e2a506b70cfbc2de6fae6681c4f944f7dd5f2fe87233a7233d888bad73e8", size = 9035131 },
]

[[package]]
name = "selenium"
version = "4.26.1"
source = { registry = "https://pypi.org/simple" }
dependencies = [
    { name = "certifi" },
    { name = "trio" },
    { name = "trio-websocket" },
    { name = "typing-extensions" },
    { name = "urllib3", extra = ["socks"] },
    { name = "websocket-client" },
]
sdist = { url = "https://files.pythonhosted.org/packages/3f/b1/e9efcb88d5682e802cf03bdee4886f854d75bdb2859d1e72cb74041b4ef6/selenium-4.26.1.tar.gz", hash = "sha256:7640f3f08ae7f4e450f895678e8a10a55eb4e4ca18311ed675ecc4684b96b683", size = 967543 }
wheels = [
    { url = "https://files.pythonhosted.org/packages/91/08/10cff8463b3510b78f9e3dcef6b37c542b06d71ed1240a8940ba0c75d3bc/selenium-4.26.1-py3-none-any.whl", hash = "sha256:1db3f3a0cd5bb07624fa8a3905a6fdde1595a42185a0617077c361dc53d104fb", size = 9696270 },
]

[[package]]
name = "sniffio"
version = "1.3.1"
source = { registry = "https://pypi.org/simple" }
sdist = { url = "https://files.pythonhosted.org/packages/a2/87/a6771e1546d97e7e041b6ae58d80074f81b7d5121207425c964ddf5cfdbd/sniffio-1.3.1.tar.gz", hash = "sha256:f4324edc670a0f49750a81b895f35c3adb843cca46f0530f79fc1babb23789dc", size = 20372 }
wheels = [
    { url = "https://files.pythonhosted.org/packages/e9/44/75a9c9421471a6c4805dbf2356f7c181a29c1879239abab1ea2cc8f38b40/sniffio-1.3.1-py3-none-any.whl", hash = "sha256:2f6da418d1f1e0fddd844478f41680e794e6051915791a034ff65e5f100525a2", size = 10235 },
]

[[package]]
name = "sortedcontainers"
version = "2.4.0"
source = { registry = "https://pypi.org/simple" }
sdist = { url = "https://files.pythonhosted.org/packages/e8/c4/ba2f8066cceb6f23394729afe52f3bf7adec04bf9ed2c820b39e19299111/sortedcontainers-2.4.0.tar.gz", hash = "sha256:25caa5a06cc30b6b83d11423433f65d1f9d76c4c6a0c90e3379eaa43b9bfdb88", size = 30594 }
wheels = [
    { url = "https://files.pythonhosted.org/packages/32/46/9cb0e58b2deb7f82b84065f37f3bffeb12413f947f9388e4cac22c4621ce/sortedcontainers-2.4.0-py2.py3-none-any.whl", hash = "sha256:a163dcaede0f1c021485e957a39245190e74249897e2ae4b2aa38595db237ee0", size = 29575 },
]

[[package]]
name = "tenacity"
version = "9.0.0"
source = { registry = "https://pypi.org/simple" }
sdist = { url = "https://files.pythonhosted.org/packages/cd/94/91fccdb4b8110642462e653d5dcb27e7b674742ad68efd146367da7bdb10/tenacity-9.0.0.tar.gz", hash = "sha256:807f37ca97d62aa361264d497b0e31e92b8027044942bfa756160d908320d73b", size = 47421 }
wheels = [
    { url = "https://files.pythonhosted.org/packages/b6/cb/b86984bed139586d01532a587464b5805f12e397594f19f931c4c2fbfa61/tenacity-9.0.0-py3-none-any.whl", hash = "sha256:93de0c98785b27fcf659856aa9f54bfbd399e29969b0621bc7f762bd441b4539", size = 28169 },
]

[[package]]
name = "trio"
version = "0.27.0"
source = { registry = "https://pypi.org/simple" }
dependencies = [
    { name = "attrs" },
    { name = "cffi", marker = "implementation_name != 'pypy' and os_name == 'nt'" },
    { name = "idna" },
    { name = "outcome" },
    { name = "sniffio" },
    { name = "sortedcontainers" },
]
sdist = { url = "https://files.pythonhosted.org/packages/17/d1/a83dee5be404da7afe5a71783a33b8907bacb935a6dc8c69ab785e4a3eed/trio-0.27.0.tar.gz", hash = "sha256:1dcc95ab1726b2da054afea8fd761af74bad79bd52381b84eae408e983c76831", size = 568064 }
wheels = [
    { url = "https://files.pythonhosted.org/packages/3c/83/ec3196c360afffbc5b342ead48d1eb7393dd74fa70bca75d33905a86f211/trio-0.27.0-py3-none-any.whl", hash = "sha256:68eabbcf8f457d925df62da780eff15ff5dc68fd6b367e2dde59f7aaf2a0b884", size = 481734 },
]

[[package]]
name = "trio-websocket"
version = "0.11.1"
source = { registry = "https://pypi.org/simple" }
dependencies = [
    { name = "trio" },
    { name = "wsproto" },
]
sdist = { url = "https://files.pythonhosted.org/packages/dd/36/abad2385853077424a11b818d9fd8350d249d9e31d583cb9c11cd4c85eda/trio-websocket-0.11.1.tar.gz", hash = "sha256:18c11793647703c158b1f6e62de638acada927344d534e3c7628eedcb746839f", size = 26511 }
wheels = [
    { url = "https://files.pythonhosted.org/packages/48/be/a9ae5f50cad5b6f85bd2574c2c923730098530096e170c1ce7452394d7aa/trio_websocket-0.11.1-py3-none-any.whl", hash = "sha256:520d046b0d030cf970b8b2b2e00c4c2245b3807853ecd44214acd33d74581638", size = 17408 },
]

[[package]]
name = "typing-extensions"
version = "4.12.2"
source = { registry = "https://pypi.org/simple" }
sdist = { url = "https://files.pythonhosted.org/packages/df/db/f35a00659bc03fec321ba8bce9420de607a1d37f8342eee1863174c69557/typing_extensions-4.12.2.tar.gz", hash = "sha256:1a7ead55c7e559dd4dee8856e3a88b41225abfe1ce8df57b7c13915fe121ffb8", size = 85321 }
wheels = [
    { url = "https://files.pythonhosted.org/packages/26/9f/ad63fc0248c5379346306f8668cda6e2e2e9c95e01216d2b8ffd9ff037d0/typing_extensions-4.12.2-py3-none-any.whl", hash = "sha256:04e5ca0351e0f3f85c6853954072df659d0d13fac324d0072316b67d7794700d", size = 37438 },
]

[[package]]
name = "urllib3"
version = "2.2.3"
source = { registry = "https://pypi.org/simple" }
sdist = { url = "https://files.pythonhosted.org/packages/ed/63/22ba4ebfe7430b76388e7cd448d5478814d3032121827c12a2cc287e2260/urllib3-2.2.3.tar.gz", hash = "sha256:e7d814a81dad81e6caf2ec9fdedb284ecc9c73076b62654547cc64ccdcae26e9", size = 300677 }
wheels = [
    { url = "https://files.pythonhosted.org/packages/ce/d9/5f4c13cecde62396b0d3fe530a50ccea91e7dfc1ccf0e09c228841bb5ba8/urllib3-2.2.3-py3-none-any.whl", hash = "sha256:ca899ca043dcb1bafa3e262d73aa25c465bfb49e0bd9dd5d59f1d0acba2f8fac", size = 126338 },
]

[package.optional-dependencies]
socks = [
    { name = "pysocks" },
]

[[package]]
name = "websocket-client"
version = "1.8.0"
source = { registry = "https://pypi.org/simple" }
sdist = { url = "https://files.pythonhosted.org/packages/e6/30/fba0d96b4b5fbf5948ed3f4681f7da2f9f64512e1d303f94b4cc174c24a5/websocket_client-1.8.0.tar.gz", hash = "sha256:3239df9f44da632f96012472805d40a23281a991027ce11d2f45a6f24ac4c3da", size = 54648 }
wheels = [
    { url = "https://files.pythonhosted.org/packages/5a/84/44687a29792a70e111c5c477230a72c4b957d88d16141199bf9acb7537a3/websocket_client-1.8.0-py3-none-any.whl", hash = "sha256:17b44cc997f5c498e809b22cdf2d9c7a9e71c02c8cc2b6c56e7c2d1239bfa526", size = 58826 },
]

[[package]]
name = "wsproto"
version = "1.2.0"
source = { registry = "https://pypi.org/simple" }
dependencies = [
    { name = "h11" },
]
sdist = { url = "https://files.pythonhosted.org/packages/c9/4a/44d3c295350d776427904d73c189e10aeae66d7f555bb2feee16d1e4ba5a/wsproto-1.2.0.tar.gz", hash = "sha256:ad565f26ecb92588a3e43bc3d96164de84cd9902482b130d0ddbaa9664a85065", size = 53425 }
wheels = [
    { url = "https://files.pythonhosted.org/packages/78/58/e860788190eba3bcce367f74d29c4675466ce8dddfba85f7827588416f01/wsproto-1.2.0-py3-none-any.whl", hash = "sha256:b9acddd652b585d75b20477888c56642fdade28bdfd3579aa24a4d2c037dd736", size = 24226 },
]
